<Solution>
  <Project Path="AbstractClass/AbstractClass.csproj" Id="1ab1d9ae-e50c-4bb5-a5ca-ae532a52e504" />
  <Project Path="AccessModifiers/AccessModifiers.csproj" Id="35556f84-d109-45b7-9c22-fb65aab2f943" />
  <Project Path="Arrays/Arrays.csproj" Id="c80e7330-1d4a-4dce-a2df-797e903539b5" />
  <Project Path="BattleShipGame/BattleShipGame.csproj" Id="f17ec535-5b4e-4f0f-a915-33b93ab00a9b" />
  <Project Path="BattleShipGameClassLibrary/BattleShipGameClassLibrary.csproj" Id="00eef5ed-f24d-4079-8d50-1cbeff1e1881" />
  <Project Path="CalculatorUsingMethods/CalculatorUsingMethods.csproj" Id="eb25b3c9-1f8f-4a48-b874-b7f174691bda" />
  <Project Path="ClassLibraryModelLibrary/ClassLibraryModelLibrary.csproj" Id="65e9f95a-116f-4edb-b71a-75330e191c81" />
  <Project Path="ClassLibraryUI/ClassLibraryUI.csproj" Id="89b1d9ff-99d6-45a4-8e75-b5e8e1e89e7f" />
  <Project Path="ConditionalStatements/ConditionalStatements.csproj" Id="eaaf63e6-ccd9-49e1-b5bd-dfe95481aa1b" />
  <Project Path="DataTypesAndVariables/DataTypesAndVariables.csproj" Id="3098849a-5f39-4e8c-9301-df01b8842c1f" />
  <Project Path="Date&amp;Time/Date&amp;Time.csproj" Id="1b296447-10b4-43cd-9f72-c2cf311b2f44" />
  <Project Path="Debugging_Basics/Debugging_Basics.csproj" Id="85104d6e-d1ca-4cc1-b4d9-81e48666f7d5" />
  <Project Path="DemoLibrary/DemoLibrary.csproj" Id="026d7c00-d373-4422-97f6-25ad2c05c37e" />
  <Project Path="Dictionary/Dictionary.csproj" Id="1a183ec5-69fd-4280-9e3c-4d075ddd2067" />
  <Project Path="GreetingApplication/GreetingApplication.csproj" Id="d005129e-9975-4f95-9289-7643f44e8f1c" />
  <Project Path="HW_Arrays/HW_Arrays.csproj" Id="6bccf253-bee3-4e0b-9ed8-102fc2424894" />
  <Project Path="Inheritance/Inheritance.csproj" Id="210ebb94-4ae9-4598-99ff-45de9a8a8589" />
  <Project Path="InstantiatedClass/InstantiatedClass.csproj" Id="ad4defa7-d118-470e-8357-e9a7b54a615f" />
  <Project Path="integer_basics/datatypes_variables.csproj" Id="1f725aa7-54ef-4cb9-b340-e50ff8c4938a" />
  <Project Path="Interfaces/Interfaces.csproj" Id="07d1d0ea-6f5c-4b67-9c68-ff9549d83eb0" />
  <Project Path="Lists/Lists.csproj" Id="c49c3641-6de5-45ba-90ba-c4f546ab40d5" />
  <Project Path="LoopsAll/LoopsAll.csproj" Id="72c5ad4e-6c9e-47e8-a715-587dffae7bb5" />
  <Project Path="Methods/Methods.csproj" Id="9080a87b-cc40-43f3-a4be-1aeb6848bef4" />
  <Project Path="Mini Project - GuestBook/Mini Project - GuestBook.csproj" Id="8db6cc19-49c5-42c6-8c93-57831157f0a7" />
  <Project Path="Mini_Project_Inheritance_Interfaces/Mini_Project_Inheritance_Interfaces.csproj" Id="8e393c78-a791-4496-9378-d0071a1dde62" />
  <Project Path="MyFirst/MyFirst.csproj" />
  <Project Path="Project_To_Understand_Class/Project_To_Understand_Class.csproj" Id="1a89818e-1aa0-4f95-82e2-946e77e3c78e" />
  <Project Path="PropertiesType/PropertiesType.csproj" Id="8996c698-b706-4c4a-9ead-7b99dada3d97" />
  <Project Path="ReadWriteBasics/ReadWriteBasics.csproj" Id="99e2b1f8-ef96-4b7f-9882-026799fa360e" />
  <Project Path="string_basics/string_basics.csproj" Id="a2bf7856-8190-49fa-b8ba-ce60aee81d78" />
  <Project Path="Tuples/Tuples.csproj" Id="133a9f70-7181-489c-abbe-71db1e81b2fb" />
</Solution>
