<Solution>
  <Project Path="Arrays/Arrays.csproj" Id="c80e7330-1d4a-4dce-a2df-797e903539b5" />
  <Project Path="CalculatorUsingMethods/CalculatorUsingMethods.csproj" Id="eb25b3c9-1f8f-4a48-b874-b7f174691bda" />
  <Project Path="ConditionalStatements/ConditionalStatements.csproj" Id="eaaf63e6-ccd9-49e1-b5bd-dfe95481aa1b" />
  <Project Path="DataTypesAndVariables/DataTypesAndVariables.csproj" Id="3098849a-5f39-4e8c-9301-df01b8842c1f" />
  <Project Path="Date&amp;Time/Date&amp;Time.csproj" Id="1b296447-10b4-43cd-9f72-c2cf311b2f44" />
  <Project Path="Dictionary/Dictionary.csproj" Id="1a183ec5-69fd-4280-9e3c-4d075ddd2067" />
  <Project Path="GreetingApplication/GreetingApplication.csproj" Id="d005129e-9975-4f95-9289-7643f44e8f1c" />
  <Project Path="HW_Arrays/HW_Arrays.csproj" Id="6bccf253-bee3-4e0b-9ed8-102fc2424894" />
  <Project Path="integer_basics/datatypes_variables.csproj" Id="1f725aa7-54ef-4cb9-b340-e50ff8c4938a" />
  <Project Path="Lists/Lists.csproj" Id="c49c3641-6de5-45ba-90ba-c4f546ab40d5" />
  <Project Path="LoopsAll/LoopsAll.csproj" Id="72c5ad4e-6c9e-47e8-a715-587dffae7bb5" />
  <Project Path="Methods/Methods.csproj" Id="9080a87b-cc40-43f3-a4be-1aeb6848bef4" />
  <Project Path="MyFirst/MyFirst.csproj" />
  <Project Path="ReadWriteBasics/ReadWriteBasics.csproj" Id="99e2b1f8-ef96-4b7f-9882-026799fa360e" />
  <Project Path="string_basics/string_basics.csproj" Id="a2bf7856-8190-49fa-b8ba-ce60aee81d78" />
</Solution>
